<?xml version="1.0" encoding="UTF-8" standalone="yes" ?>
<CodeBlocks_project_file>
	<FileVersion major="1" minor="6" />
	<Project>
		<Option title="sha256" />
		<Option pch_mode="2" />
		<Option compiler="gcc" />
		<Build>
			<Target title="Debug">
				<Option output="bin/Debug/sha256" prefix_auto="1" extension_auto="1" />
				<Option object_output="obj/Debug/" />
				<Option type="1" />
				<Option compiler="gcc" />
				<Compiler>
					<Add option="-g" />
				</Compiler>
			</Target>
			<Target title="Release">
				<Option output="bin/Release/sha256" prefix_auto="1" extension_auto="1" />
				<Option object_output="obj/Release/" />
				<Option type="1" />
				<Option compiler="gcc" />
				<Compiler>
					<Add option="-fexpensive-optimizations" />
					<Add option="-O3" />
				</Compiler>
				<Linker>
					<Add option="-s" />
				</Linker>
			</Target>
		</Build>
		<Compiler>
			<Add option="-Wall" />
			<Add option="-fexceptions" />
		</Compiler>
		<Unit filename="../libthoro/common/StringUtils.cpp" />
		<Unit filename="../libthoro/common/StringUtils.h" />
		<Unit filename="../libthoro/filesystem/FileFunctions.cpp" />
		<Unit filename="../libthoro/filesystem/FileFunctions.hpp" />
		<Unit filename="../libthoro/hash/sha-1-256_functions.hpp" />
		<Unit filename="../libthoro/hash/sha1/FileSource.hpp" />
		<Unit filename="../libthoro/hash/sha1/FileSourceUtility.cpp" />
		<Unit filename="../libthoro/hash/sha1/FileSourceUtility.hpp" />
		<Unit filename="../libthoro/hash/sha1/sha1.cpp" />
		<Unit filename="../libthoro/hash/sha1/sha1.hpp" />
		<Unit filename="../libthoro/hash/sha256/FileSource.cpp" />
		<Unit filename="../libthoro/hash/sha256/FileSource.hpp" />
		<Unit filename="../libthoro/hash/sha256/FileSourceUtility.cpp" />
		<Unit filename="../libthoro/hash/sha256/FileSourceUtility.hpp" />
		<Unit filename="../libthoro/hash/sha256/MessageSource.cpp" />
		<Unit filename="../libthoro/hash/sha256/MessageSource.hpp" />
		<Unit filename="../libthoro/hash/sha256/functions.hpp" />
		<Unit filename="../libthoro/hash/sha256/sha256.cpp" />
		<Unit filename="../libthoro/hash/sha256/sha256.hpp" />
		<Unit filename="main.cpp" />
		<Extensions>
			<code_completion />
			<envvars />
			<debugger />
			<lib_finder disable_auto="1" />
		</Extensions>
	</Project>
</CodeBlocks_project_file>
